
Microsoft Visual Studio Solution File, Format Version 12.00
# Visual Studio Version 17
VisualStudioVersion = 17.7.34031.279
MinimumVisualStudioVersion = 10.0.40219.1
Project("{FAE04EC0-301F-11D3-BF4B-00C04F79EFBC}") = "Banana_OS_Basic_V2", "Banana_OS_Basic_V2\Banana_OS_Basic_V2.csproj", "{F5707F24-D16B-4FE4-BBC4-94623E362F31}"
EndProject
Global
	GlobalSection(SolutionConfigurationPlatforms) = preSolution
		Debug|Any CPU = Debug|Any CPU
		Release|Any CPU = Release|Any CPU
	EndGlobalSection
	GlobalSection(ProjectConfigurationPlatforms) = postSolution
		{F5707F24-D16B-4FE4-BBC4-94623E362F31}.Debug|Any CPU.ActiveCfg = Debug|Any CPU
		{F5707F24-D16B-4FE4-BBC4-94623E362F31}.Debug|Any CPU.Build.0 = Debug|Any CPU
		{F5707F24-D16B-4FE4-BBC4-94623E362F31}.Release|Any CPU.ActiveCfg = Release|Any CPU
		{F5707F24-D16B-4FE4-BBC4-94623E362F31}.Release|Any CPU.Build.0 = Release|Any CPU
	EndGlobalSection
	GlobalSection(SolutionProperties) = preSolution
		HideSolutionNode = FALSE
	EndGlobalSection
	GlobalSection(ExtensibilityGlobals) = postSolution
		SolutionGuid = {078BA222-97D8-45E5-9492-58D78C273874}
	EndGlobalSection
EndGlobal
